
Microsoft Visual Studio Solution File, Format Version 12.00
# Visual Studio Version 16
VisualStudioVersion = 16.0.29519.181
MinimumVisualStudioVersion = 10.0.40219.1
Project("{FAE04EC0-301F-11D3-BF4B-00C04F79EFBC}") = "ImageProfiles", "ImageProfiles\ImageProfiles.csproj", "{21B717BD-351E-485B-9D0E-6AF4D28D5067}"
EndProject
Project("{FAE04EC0-301F-11D3-BF4B-00C04F79EFBC}") = "ImageProfiles.View", "ImageProfiles.View\ImageProfiles.View.csproj", "{CBC46850-E1BC-4A1E-809E-F6BADC6B4BA5}"
EndProject
Global
	GlobalSection(SolutionConfigurationPlatforms) = preSolution
		Debug|Any CPU = Debug|Any CPU
		Release|Any CPU = Release|Any CPU
	EndGlobalSection
	GlobalSection(ProjectConfigurationPlatforms) = postSolution
		{21B717BD-351E-485B-9D0E-6AF4D28D5067}.Debug|Any CPU.ActiveCfg = Debug|Any CPU
		{21B717BD-351E-485B-9D0E-6AF4D28D5067}.Debug|Any CPU.Build.0 = Debug|Any CPU
		{21B717BD-351E-485B-9D0E-6AF4D28D5067}.Release|Any CPU.ActiveCfg = Release|Any CPU
		{21B717BD-351E-485B-9D0E-6AF4D28D5067}.Release|Any CPU.Build.0 = Release|Any CPU
		{CBC46850-E1BC-4A1E-809E-F6BADC6B4BA5}.Debug|Any CPU.ActiveCfg = Debug|Any CPU
		{CBC46850-E1BC-4A1E-809E-F6BADC6B4BA5}.Debug|Any CPU.Build.0 = Debug|Any CPU
		{CBC46850-E1BC-4A1E-809E-F6BADC6B4BA5}.Release|Any CPU.ActiveCfg = Release|Any CPU
		{CBC46850-E1BC-4A1E-809E-F6BADC6B4BA5}.Release|Any CPU.Build.0 = Release|Any CPU
	EndGlobalSection
	GlobalSection(SolutionProperties) = preSolution
		HideSolutionNode = FALSE
	EndGlobalSection
	GlobalSection(ExtensibilityGlobals) = postSolution
		SolutionGuid = {966EB1FE-3CAE-4C97-8162-923005E03FA0}
	EndGlobalSection
EndGlobal
